{
  "nodes": {
    "argon-fan-manager": {
      "inputs": {
        "nixpkgs": [
          "nixpkgs-nixos"
        ],
        "poetry2nix": "poetry2nix"
      },
      "locked": {
        "lastModified": 1719815419,
        "narHash": "sha256-p139tCtenmZ6vqPNecjFk6WHkCt7A3lpU41v/qWHZww=",
        "owner": "zehauser",
        "repo": "argon-fan-manager",
        "rev": "11b199c7935392f2debfd25c1cc703033874508f",
        "type": "github"
      },
      "original": {
        "owner": "zehauser",
        "repo": "argon-fan-manager",
        "type": "github"
      }
    },
    "brew-src": {
      "flake": false,
      "locked": {
        "lastModified": 1731323744,
        "narHash": "sha256-SxUQm4cTHcaoPQHoXe26ZV8cZiMWBGow8MjE4L+MckM=",
        "owner": "Homebrew",
        "repo": "brew",
        "rev": "254bf3fe9d8fa2e1b2fb55dbcf535b2d870180c4",
        "type": "github"
      },
      "original": {
        "owner": "Homebrew",
        "ref": "4.4.5",
        "repo": "brew",
        "type": "github"
      }
    },
    "cl-nix-lite": {
      "locked": {
        "lastModified": 1728174978,
        "narHash": "sha256-Grqqg+xuicANB85j0gNEXxi9SBKY7bzGeTuyi95eGcY=",
        "owner": "hraban",
        "repo": "cl-nix-lite",
        "rev": "31cfe6275c341eb3120a99f4b1c8516c49a29d87",
        "type": "github"
      },
      "original": {
        "owner": "hraban",
        "repo": "cl-nix-lite",
        "type": "github"
      }
    },
    "flake-compat": {
      "flake": false,
      "locked": {
        "lastModified": 1730663653,
        "narHash": "sha256-kFCUWettiFHDIqxCWWQ9qY8pVh+Lj+XL0Giyy/kdomg=",
        "owner": "hraban",
        "repo": "flake-compat",
        "rev": "e5b16676185cb7548581c852f51ce7f3a49bba5e",
        "type": "github"
      },
      "original": {
        "owner": "hraban",
        "ref": "fixed-output",
        "repo": "flake-compat",
        "type": "github"
      }
    },
    "flake-compat_2": {
      "flake": false,
      "locked": {
        "lastModified": 1696426674,
        "narHash": "sha256-kvjfFW7WAETZlt09AgDn1MrtKzP7t90Vf7vypd3OL1U=",
        "owner": "edolstra",
        "repo": "flake-compat",
        "rev": "0f9255e01c2351cc7d116c072cb317785dd33b33",
        "type": "github"
      },
      "original": {
        "owner": "edolstra",
        "repo": "flake-compat",
        "type": "github"
      }
    },
    "flake-utils": {
      "inputs": {
        "systems": "systems"
      },
      "locked": {
        "lastModified": 1710146030,
        "narHash": "sha256-SZ5L6eA7HJ/nmkzGG7/ISclqe6oZdOZTNoesiInkXPQ=",
        "owner": "numtide",
        "repo": "flake-utils",
        "rev": "b1d9ab70662946ef0850d488da1c9019f3a9752a",
        "type": "github"
      },
      "original": {
        "owner": "numtide",
        "repo": "flake-utils",
        "type": "github"
      }
    },
    "flake-utils_2": {
      "inputs": {
        "systems": [
          "mac-app-util",
          "systems"
        ]
      },
      "locked": {
        "lastModified": 1731533236,
        "narHash": "sha256-l0KFg5HjrsfsO/JpG+r7fRrqm12kzFHyUHqHCVpMMbI=",
        "owner": "numtide",
        "repo": "flake-utils",
        "rev": "11707dc2f618dd54ca8739b309ec4fc024de578b",
        "type": "github"
      },
      "original": {
        "id": "flake-utils",
        "type": "indirect"
      }
    },
    "flake-utils_3": {
      "inputs": {
        "systems": "systems_4"
      },
      "locked": {
        "lastModified": 1710146030,
        "narHash": "sha256-SZ5L6eA7HJ/nmkzGG7/ISclqe6oZdOZTNoesiInkXPQ=",
        "owner": "numtide",
        "repo": "flake-utils",
        "rev": "b1d9ab70662946ef0850d488da1c9019f3a9752a",
        "type": "github"
      },
      "original": {
        "owner": "numtide",
        "repo": "flake-utils",
        "type": "github"
      }
    },
    "flake-utils_4": {
      "inputs": {
        "systems": "systems_5"
      },
      "locked": {
        "lastModified": 1710146030,
        "narHash": "sha256-SZ5L6eA7HJ/nmkzGG7/ISclqe6oZdOZTNoesiInkXPQ=",
        "owner": "numtide",
        "repo": "flake-utils",
        "rev": "b1d9ab70662946ef0850d488da1c9019f3a9752a",
        "type": "github"
      },
      "original": {
        "owner": "numtide",
        "repo": "flake-utils",
        "type": "github"
      }
    },
    "flake-utils_5": {
      "inputs": {
        "systems": "systems_6"
      },
      "locked": {
        "lastModified": 1681202837,
        "narHash": "sha256-H+Rh19JDwRtpVPAWp64F+rlEtxUWBAQW28eAi3SRSzg=",
        "owner": "numtide",
        "repo": "flake-utils",
        "rev": "cfacdce06f30d2b68473a46042957675eebb3401",
        "type": "github"
      },
      "original": {
        "owner": "numtide",
        "repo": "flake-utils",
        "type": "github"
      }
    },
    "home-manager": {
      "inputs": {
        "nixpkgs": [
          "nixpkgs-nixos"
        ]
      },
      "locked": {
        "lastModified": 1735947440,
        "narHash": "sha256-jnEcfmOhWntmVEcqlvs+j532+mvmgsKtQSSfukgkn+A=",
        "owner": "nix-community",
        "repo": "home-manager",
        "rev": "a9987622b7b93c82e147f198574e8e6ffbf5e327",
        "type": "github"
      },
      "original": {
        "owner": "nix-community",
        "repo": "home-manager",
        "type": "github"
      }
    },
    "homebrew-bundle": {
      "flake": false,
      "locked": {
        "lastModified": 1735922156,
        "narHash": "sha256-tOoJZFO27K73tdSe7sSBifXnZY7qcFOrfD4HcqBzmek=",
        "owner": "homebrew",
        "repo": "homebrew-bundle",
        "rev": "93317652a34feaed7d8d4bfc52b9ac2de68c5cd1",
        "type": "github"
      },
      "original": {
        "owner": "homebrew",
        "repo": "homebrew-bundle",
        "type": "github"
      }
    },
    "homebrew-cask": {
      "flake": false,
      "locked": {
        "lastModified": 1735945761,
        "narHash": "sha256-04JS0yB+XO74YfWas4l+QAojGW3KXcdpGUNE+lJgcT8=",
        "owner": "homebrew",
        "repo": "homebrew-cask",
        "rev": "8ebeb02e33c740ffc0fd720d69f2368778a27636",
        "type": "github"
      },
      "original": {
        "owner": "homebrew",
        "repo": "homebrew-cask",
        "type": "github"
      }
    },
    "homebrew-core": {
      "flake": false,
      "locked": {
        "lastModified": 1735947083,
        "narHash": "sha256-vAq9M+iH/Ksd6Ls5nXrSR7yQ9c+wTkVDySEPXxmFORU=",
        "owner": "homebrew",
        "repo": "homebrew-core",
        "rev": "90efd58b0cd379a32147ae43fccb768e165d36eb",
        "type": "github"
      },
      "original": {
        "owner": "homebrew",
        "repo": "homebrew-core",
        "type": "github"
      }
    },
    "impermanence": {
      "locked": {
        "lastModified": 1731242966,
        "narHash": "sha256-B3C3JLbGw0FtLSWCjBxU961gLNv+BOOBC6WvstKLYMw=",
        "owner": "nix-community",
        "repo": "impermanence",
        "rev": "3ed3f0eaae9fcc0a8331e77e9319c8a4abd8a71a",
        "type": "github"
      },
      "original": {
        "owner": "nix-community",
        "repo": "impermanence",
        "type": "github"
      }
    },
    "mac-app-util": {
      "inputs": {
        "cl-nix-lite": "cl-nix-lite",
        "flake-compat": "flake-compat",
        "flake-utils": "flake-utils_2",
        "nixpkgs": [
          "nixpkgs-macos"
        ],
        "systems": "systems_3"
      },
      "locked": {
        "lastModified": 1732920695,
        "narHash": "sha256-1fxvJZUznwrmEtYqpPuWi2tPcL9kj6v7p1J7ZZncAPE=",
        "owner": "hraban",
        "repo": "mac-app-util",
        "rev": "548672d0cb661ce11d08ee8bde92b87d2a75c872",
        "type": "github"
      },
      "original": {
        "owner": "hraban",
        "repo": "mac-app-util",
        "type": "github"
      }
    },
    "nix-darwin": {
      "inputs": {
        "nixpkgs": [
          "nixpkgs-macos"
        ]
      },
      "locked": {
        "lastModified": 1735685839,
        "narHash": "sha256-62xAPSs5VRZoPH7eRanUn5S5vZEd+8vM4bD5I+zxokc=",
        "owner": "LnL7",
        "repo": "nix-darwin",
        "rev": "6a1fdb2a1204c0de038847b601cff5012e162b5e",
        "type": "github"
      },
      "original": {
        "owner": "LnL7",
        "repo": "nix-darwin",
        "type": "github"
      }
    },
    "nix-github-actions": {
      "inputs": {
        "nixpkgs": [
          "argon-fan-manager",
          "poetry2nix",
          "nixpkgs"
        ]
      },
      "locked": {
        "lastModified": 1703863825,
        "narHash": "sha256-rXwqjtwiGKJheXB43ybM8NwWB8rO2dSRrEqes0S7F5Y=",
        "owner": "nix-community",
        "repo": "nix-github-actions",
        "rev": "5163432afc817cf8bd1f031418d1869e4c9d5547",
        "type": "github"
      },
      "original": {
        "owner": "nix-community",
        "repo": "nix-github-actions",
        "type": "github"
      }
    },
    "nix-homebrew": {
      "inputs": {
        "brew-src": "brew-src",
        "flake-utils": "flake-utils_3",
        "nix-darwin": [
          "nix-darwin"
        ],
        "nixpkgs": [
          "nixpkgs-macos"
        ]
      },
      "locked": {
        "lastModified": 1732145543,
        "narHash": "sha256-VRQh/lvCSko9YV7haXyPt7DSp+EkgjjBv/9U4cY9c50=",
        "owner": "zhaofengli-wip",
        "repo": "nix-homebrew",
        "rev": "ac3945ee614f69ab89c6935b3f0567028de5f012",
        "type": "github"
      },
      "original": {
        "owner": "zhaofengli-wip",
        "repo": "nix-homebrew",
        "type": "github"
      }
    },
    "nix-vscode-extensions": {
      "inputs": {
        "flake-compat": "flake-compat_2",
        "flake-utils": "flake-utils_4",
        "nixpkgs": "nixpkgs"
      },
      "locked": {
        "lastModified": 1735868868,
        "narHash": "sha256-U4Oy2o/CmBg6gexAHamH++52oAgvvEwcq9fkEmcvjyw=",
        "owner": "nix-community",
        "repo": "nix-vscode-extensions",
        "rev": "b0f7a59cee0ca77c157ab4e0c60d4a9df6bccb86",
        "type": "github"
      },
      "original": {
        "owner": "nix-community",
        "repo": "nix-vscode-extensions",
        "type": "github"
      }
    },
    "nixos-hardware": {
      "locked": {
        "lastModified": 1731403644,
        "narHash": "sha256-T9V7CTucjRZ4Qc6pUEV/kpgNGzQbHWfGcfK6JJLfUeI=",
        "owner": "NixOS",
        "repo": "nixos-hardware",
        "rev": "f6581f1c3b137086e42a08a906bdada63045f991",
        "type": "github"
      },
      "original": {
        "owner": "NixOS",
        "ref": "master",
        "repo": "nixos-hardware",
        "type": "github"
      }
    },
    "nixpkgs": {
      "locked": {
        "lastModified": 1713805509,
        "narHash": "sha256-YgSEan4CcrjivCNO5ZNzhg7/8ViLkZ4CB/GrGBVSudo=",
        "owner": "NixOS",
        "repo": "nixpkgs",
        "rev": "1e1dc66fe68972a76679644a5577828b6a7e8be4",
        "type": "github"
      },
      "original": {
        "owner": "NixOS",
        "ref": "nixpkgs-unstable",
        "repo": "nixpkgs",
        "type": "github"
      }
    },
    "nixpkgs-macos": {
      "locked": {
        "lastModified": 1735821806,
        "narHash": "sha256-cuNapx/uQeCgeuhUhdck3JKbgpsml259sjUQnWM7zW8=",
        "owner": "NixOS",
        "repo": "nixpkgs",
        "rev": "d6973081434f88088e5321f83ebafe9a1167c367",
        "type": "github"
      },
      "original": {
        "id": "nixpkgs",
        "ref": "nixpkgs-unstable",
        "type": "indirect"
      }
    },
    "nixpkgs-macos-stable": {
      "locked": {
        "lastModified": 1731531548,
        "narHash": "sha256-sz8/v17enkYmfpgeeuyzniGJU0QQBfmAjlemAUYhfy8=",
        "owner": "NixOS",
        "repo": "nixpkgs",
        "rev": "24f0d4acd634792badd6470134c387a3b039dace",
        "type": "github"
      },
      "original": {
        "id": "nixpkgs",
        "rev": "24f0d4acd634792badd6470134c387a3b039dace",
        "type": "indirect"
      }
    },
    "nixpkgs-nixos": {
      "locked": {
        "lastModified": 1731319897,
        "narHash": "sha256-PbABj4tnbWFMfBp6OcUK5iGy1QY+/Z96ZcLpooIbuEI=",
        "owner": "NixOS",
        "repo": "nixpkgs",
        "rev": "dc460ec76cbff0e66e269457d7b728432263166c",
        "type": "github"
      },
      "original": {
        "id": "nixpkgs",
        "ref": "nixos-unstable",
        "type": "indirect"
      }
    },
    "poetry2nix": {
      "inputs": {
        "flake-utils": "flake-utils",
        "nix-github-actions": "nix-github-actions",
        "nixpkgs": [
          "argon-fan-manager",
          "nixpkgs"
        ],
        "systems": "systems_2",
        "treefmt-nix": "treefmt-nix"
      },
      "locked": {
        "lastModified": 1719549552,
        "narHash": "sha256-efvBV+45uQA6r7aov48H6MhvKp1QUIyIX5gh9oueUzs=",
        "owner": "nix-community",
        "repo": "poetry2nix",
        "rev": "4fd045cdb85f2a0173021a4717dc01d92d7ab2b2",
        "type": "github"
      },
      "original": {
        "owner": "nix-community",
        "repo": "poetry2nix",
        "type": "github"
      }
    },
    "root": {
      "inputs": {
        "argon-fan-manager": "argon-fan-manager",
        "home-manager": "home-manager",
        "homebrew-bundle": "homebrew-bundle",
        "homebrew-cask": "homebrew-cask",
        "homebrew-core": "homebrew-core",
        "impermanence": "impermanence",
        "mac-app-util": "mac-app-util",
        "nix-darwin": "nix-darwin",
        "nix-homebrew": "nix-homebrew",
        "nix-vscode-extensions": "nix-vscode-extensions",
        "nixos-hardware": "nixos-hardware",
        "nixpkgs-macos": "nixpkgs-macos",
        "nixpkgs-macos-stable": "nixpkgs-macos-stable",
        "nixpkgs-nixos": "nixpkgs-nixos",
        "sops-nix": "sops-nix",
        "vscode-server": "vscode-server"
      }
    },
    "sops-nix": {
      "inputs": {
        "nixpkgs": [
          "nixpkgs-nixos"
        ]
      },
      "locked": {
        "lastModified": 1735844895,
        "narHash": "sha256-CIRlqX9tBK2awJkmVu2cKuap/0QziDXStQZ/u/+e8Z4=",
        "owner": "Mic92",
        "repo": "sops-nix",
        "rev": "24d89184adf76d7ccc99e659dc5f3838efb5ee32",
        "type": "github"
      },
      "original": {
        "owner": "Mic92",
        "repo": "sops-nix",
        "type": "github"
      }
    },
    "systems": {
      "locked": {
        "lastModified": 1681028828,
        "narHash": "sha256-Vy1rq5AaRuLzOxct8nz4T6wlgyUR7zLU309k9mBC768=",
        "owner": "nix-systems",
        "repo": "default",
        "rev": "da67096a3b9bf56a91d16901293e51ba5b49a27e",
        "type": "github"
      },
      "original": {
        "owner": "nix-systems",
        "repo": "default",
        "type": "github"
      }
    },
    "systems_2": {
      "locked": {
        "lastModified": 1681028828,
        "narHash": "sha256-Vy1rq5AaRuLzOxct8nz4T6wlgyUR7zLU309k9mBC768=",
        "owner": "nix-systems",
        "repo": "default",
        "rev": "da67096a3b9bf56a91d16901293e51ba5b49a27e",
        "type": "github"
      },
      "original": {
        "id": "systems",
        "type": "indirect"
      }
    },
    "systems_3": {
      "locked": {
        "lastModified": 1689347925,
        "narHash": "sha256-ozenz5bFe1UUqOn7f60HRmgc01BgTGIKZ4Xl+HbocGQ=",
        "owner": "nix-systems",
        "repo": "default-darwin",
        "rev": "2235d7e6cc29ae99878133c95e9fe5e157661ffb",
        "type": "github"
      },
      "original": {
        "owner": "nix-systems",
        "repo": "default-darwin",
        "type": "github"
      }
    },
    "systems_4": {
      "locked": {
        "lastModified": 1681028828,
        "narHash": "sha256-Vy1rq5AaRuLzOxct8nz4T6wlgyUR7zLU309k9mBC768=",
        "owner": "nix-systems",
        "repo": "default",
        "rev": "da67096a3b9bf56a91d16901293e51ba5b49a27e",
        "type": "github"
      },
      "original": {
        "owner": "nix-systems",
        "repo": "default",
        "type": "github"
      }
    },
    "systems_5": {
      "locked": {
        "lastModified": 1681028828,
        "narHash": "sha256-Vy1rq5AaRuLzOxct8nz4T6wlgyUR7zLU309k9mBC768=",
        "owner": "nix-systems",
        "repo": "default",
        "rev": "da67096a3b9bf56a91d16901293e51ba5b49a27e",
        "type": "github"
      },
      "original": {
        "owner": "nix-systems",
        "repo": "default",
        "type": "github"
      }
    },
    "systems_6": {
      "locked": {
        "lastModified": 1681028828,
        "narHash": "sha256-Vy1rq5AaRuLzOxct8nz4T6wlgyUR7zLU309k9mBC768=",
        "owner": "nix-systems",
        "repo": "default",
        "rev": "da67096a3b9bf56a91d16901293e51ba5b49a27e",
        "type": "github"
      },
      "original": {
        "owner": "nix-systems",
        "repo": "default",
        "type": "github"
      }
    },
    "treefmt-nix": {
      "inputs": {
        "nixpkgs": [
          "argon-fan-manager",
          "poetry2nix",
          "nixpkgs"
        ]
      },
      "locked": {
        "lastModified": 1718522839,
        "narHash": "sha256-ULzoKzEaBOiLRtjeY3YoGFJMwWSKRYOic6VNw2UyTls=",
        "owner": "numtide",
        "repo": "treefmt-nix",
        "rev": "68eb1dc333ce82d0ab0c0357363ea17c31ea1f81",
        "type": "github"
      },
      "original": {
        "owner": "numtide",
        "repo": "treefmt-nix",
        "type": "github"
      }
    },
    "vscode-server": {
      "inputs": {
        "flake-utils": "flake-utils_5",
        "nixpkgs": [
          "nixpkgs-nixos"
        ]
      },
      "locked": {
        "lastModified": 1729422940,
        "narHash": "sha256-DlvJv33ml5UTKgu4b0HauOfFIoDx6QXtbqUF3vWeRCY=",
        "owner": "nix-community",
        "repo": "nixos-vscode-server",
        "rev": "8b6db451de46ecf9b4ab3d01ef76e59957ff549f",
        "type": "github"
      },
      "original": {
        "owner": "nix-community",
        "repo": "nixos-vscode-server",
        "type": "github"
      }
    }
  },
  "root": "root",
  "version": 7
}
